
Microsoft Visual Studio Solution File, Format Version 12.00
# Visual Studio 15
VisualStudioVersion = 15.0.28307.902
MinimumVisualStudioVersion = 10.0.40219.1
Project("{2150E333-8FDC-42A3-9474-1A3956D46DE8}") = "WebApi", "WebApi", "{C1B65D19-D0EC-45F5-861B-495245FB7F37}"
EndProject
Project("{2150E333-8FDC-42A3-9474-1A3956D46DE8}") = "DataAccessLayer", "DataAccessLayer", "{EF155F71-0D6F-4142-A934-559D39050D75}"
EndProject
Project("{2150E333-8FDC-42A3-9474-1A3956D46DE8}") = "PresentationLayer", "PresentationLayer", "{1607E9F2-8850-4A9E-B6A0-87E007D72867}"
EndProject
Project("{9A19103F-16F7-4668-BE54-9A1E7A4F7556}") = "PhoneBook.DAL.EF", "PhoneBook.DAL.EF\PhoneBook.DAL.EF.csproj", "{345EC704-5AC3-410F-9E5F-8DC3F59AD0E1}"
	ProjectSection(ProjectDependencies) = postProject
		{1E81C8B3-0205-46E9-9EA9-1831A5657E84} = {1E81C8B3-0205-46E9-9EA9-1831A5657E84}
	EndProjectSection
EndProject
Project("{2150E333-8FDC-42A3-9474-1A3956D46DE8}") = "DomainLayer", "DomainLayer", "{D1B98C77-A07E-40FD-935F-232AD55AEB25}"
EndProject
Project("{9A19103F-16F7-4668-BE54-9A1E7A4F7556}") = "PhoneBook.Domain", "PhoneBook.Domain\PhoneBook.Domain.csproj", "{1E81C8B3-0205-46E9-9EA9-1831A5657E84}"
EndProject
Project("{FAE04EC0-301F-11D3-BF4B-00C04F79EFBC}") = "PhoneBook.Web", "PhoneBook.Web\PhoneBook.Web.csproj", "{2E6E059B-4C9F-47B8-BBDA-DA650A4E3175}"
	ProjectSection(ProjectDependencies) = postProject
		{345EC704-5AC3-410F-9E5F-8DC3F59AD0E1} = {345EC704-5AC3-410F-9E5F-8DC3F59AD0E1}
		{1E81C8B3-0205-46E9-9EA9-1831A5657E84} = {1E81C8B3-0205-46E9-9EA9-1831A5657E84}
		{FA292BBC-056E-440C-9D3D-8D3E39EBFEF3} = {FA292BBC-056E-440C-9D3D-8D3E39EBFEF3}
		{569488D8-CAC1-43CB-B1ED-303183276DB6} = {569488D8-CAC1-43CB-B1ED-303183276DB6}
	EndProjectSection
EndProject
Project("{FAE04EC0-301F-11D3-BF4B-00C04F79EFBC}") = "PhoneBook.API", "PhoneBook.API\PhoneBook.API.csproj", "{569488D8-CAC1-43CB-B1ED-303183276DB6}"
	ProjectSection(ProjectDependencies) = postProject
		{345EC704-5AC3-410F-9E5F-8DC3F59AD0E1} = {345EC704-5AC3-410F-9E5F-8DC3F59AD0E1}
		{1E81C8B3-0205-46E9-9EA9-1831A5657E84} = {1E81C8B3-0205-46E9-9EA9-1831A5657E84}
	EndProjectSection
EndProject
Project("{FAE04EC0-301F-11D3-BF4B-00C04F79EFBC}") = "PhoneBook.DAL.API", "PhoneBook.DAL.API\PhoneBook.DAL.API.csproj", "{FA292BBC-056E-440C-9D3D-8D3E39EBFEF3}"
	ProjectSection(ProjectDependencies) = postProject
		{1E81C8B3-0205-46E9-9EA9-1831A5657E84} = {1E81C8B3-0205-46E9-9EA9-1831A5657E84}
	EndProjectSection
EndProject
Global
	GlobalSection(SolutionConfigurationPlatforms) = preSolution
		Debug|Any CPU = Debug|Any CPU
		Release|Any CPU = Release|Any CPU
	EndGlobalSection
	GlobalSection(ProjectConfigurationPlatforms) = postSolution
		{345EC704-5AC3-410F-9E5F-8DC3F59AD0E1}.Debug|Any CPU.ActiveCfg = Debug|Any CPU
		{345EC704-5AC3-410F-9E5F-8DC3F59AD0E1}.Debug|Any CPU.Build.0 = Debug|Any CPU
		{345EC704-5AC3-410F-9E5F-8DC3F59AD0E1}.Release|Any CPU.ActiveCfg = Release|Any CPU
		{345EC704-5AC3-410F-9E5F-8DC3F59AD0E1}.Release|Any CPU.Build.0 = Release|Any CPU
		{1E81C8B3-0205-46E9-9EA9-1831A5657E84}.Debug|Any CPU.ActiveCfg = Debug|Any CPU
		{1E81C8B3-0205-46E9-9EA9-1831A5657E84}.Debug|Any CPU.Build.0 = Debug|Any CPU
		{1E81C8B3-0205-46E9-9EA9-1831A5657E84}.Release|Any CPU.ActiveCfg = Release|Any CPU
		{1E81C8B3-0205-46E9-9EA9-1831A5657E84}.Release|Any CPU.Build.0 = Release|Any CPU
		{2E6E059B-4C9F-47B8-BBDA-DA650A4E3175}.Debug|Any CPU.ActiveCfg = Debug|Any CPU
		{2E6E059B-4C9F-47B8-BBDA-DA650A4E3175}.Debug|Any CPU.Build.0 = Debug|Any CPU
		{2E6E059B-4C9F-47B8-BBDA-DA650A4E3175}.Release|Any CPU.ActiveCfg = Release|Any CPU
		{2E6E059B-4C9F-47B8-BBDA-DA650A4E3175}.Release|Any CPU.Build.0 = Release|Any CPU
		{569488D8-CAC1-43CB-B1ED-303183276DB6}.Debug|Any CPU.ActiveCfg = Debug|Any CPU
		{569488D8-CAC1-43CB-B1ED-303183276DB6}.Debug|Any CPU.Build.0 = Debug|Any CPU
		{569488D8-CAC1-43CB-B1ED-303183276DB6}.Release|Any CPU.ActiveCfg = Release|Any CPU
		{569488D8-CAC1-43CB-B1ED-303183276DB6}.Release|Any CPU.Build.0 = Release|Any CPU
		{FA292BBC-056E-440C-9D3D-8D3E39EBFEF3}.Debug|Any CPU.ActiveCfg = Debug|Any CPU
		{FA292BBC-056E-440C-9D3D-8D3E39EBFEF3}.Debug|Any CPU.Build.0 = Debug|Any CPU
		{FA292BBC-056E-440C-9D3D-8D3E39EBFEF3}.Release|Any CPU.ActiveCfg = Release|Any CPU
		{FA292BBC-056E-440C-9D3D-8D3E39EBFEF3}.Release|Any CPU.Build.0 = Release|Any CPU
	EndGlobalSection
	GlobalSection(SolutionProperties) = preSolution
		HideSolutionNode = FALSE
	EndGlobalSection
	GlobalSection(NestedProjects) = preSolution
		{345EC704-5AC3-410F-9E5F-8DC3F59AD0E1} = {EF155F71-0D6F-4142-A934-559D39050D75}
		{1E81C8B3-0205-46E9-9EA9-1831A5657E84} = {D1B98C77-A07E-40FD-935F-232AD55AEB25}
		{2E6E059B-4C9F-47B8-BBDA-DA650A4E3175} = {1607E9F2-8850-4A9E-B6A0-87E007D72867}
		{569488D8-CAC1-43CB-B1ED-303183276DB6} = {C1B65D19-D0EC-45F5-861B-495245FB7F37}
		{FA292BBC-056E-440C-9D3D-8D3E39EBFEF3} = {EF155F71-0D6F-4142-A934-559D39050D75}
	EndGlobalSection
	GlobalSection(ExtensibilityGlobals) = postSolution
		SolutionGuid = {F6A6AEF2-E462-4850-A37B-B6716262A105}
	EndGlobalSection
EndGlobal
